
Microsoft Visual Studio Solution File, Format Version 12.00
# Visual Studio Version 16
VisualStudioVersion = 16.0.29806.167
MinimumVisualStudioVersion = 10.0.40219.1
Project("{2150E333-8FDC-42A3-9474-1A3956D46DE8}") = "CommandMicroServices", "CommandMicroServices", "{9DA0E693-0835-4B93-947F-3A82A0837834}"
EndProject
Project("{2150E333-8FDC-42A3-9474-1A3956D46DE8}") = "GetMicroServices", "GetMicroServices", "{2A778BE6-0623-4C76-BE63-7C5B9E1FCFC4}"
EndProject
Project("{2150E333-8FDC-42A3-9474-1A3956D46DE8}") = "IdentityMicroServices", "IdentityMicroServices", "{CA376FB4-DA97-4552-BDB9-35A552E0573C}"
EndProject
Project("{2150E333-8FDC-42A3-9474-1A3956D46DE8}") = "Packages", "Packages", "{3B988D76-925F-443D-B6F8-EB11BF731DCF}"
EndProject
Project("{2150E333-8FDC-42A3-9474-1A3956D46DE8}") = "AdminUI", "AdminUI", "{B1276842-4CE3-40F1-B6DB-49BAE5261E93}"
EndProject
Project("{2150E333-8FDC-42A3-9474-1A3956D46DE8}") = "EquipmentUI", "EquipmentUI", "{41D21633-907A-4DA5-BE27-C534D8BE0C37}"
EndProject
Project("{2150E333-8FDC-42A3-9474-1A3956D46DE8}") = "Tests", "Tests", "{3179AB8B-83AD-4DF2-8BDC-B95567FD0BE1}"
EndProject
Project("{9A19103F-16F7-4668-BE54-9A1E7A4F7556}") = "Equipment.Command.API", "Equipment.Command.API\Equipment.Command.API.csproj", "{BE1A843A-3DE4-437A-A4BE-2939114B6F18}"
EndProject
Project("{9A19103F-16F7-4668-BE54-9A1E7A4F7556}") = "Equipment.Get.API", "Equipment.Get.UI\Equipment.Get.API.csproj", "{74A24990-1545-4B1F-88DB-7701180D66A2}"
EndProject
Project("{9A19103F-16F7-4668-BE54-9A1E7A4F7556}") = "Equipment.Identity.API", "Equipment.Identity.API\Equipment.Identity.API.csproj", "{801A0F57-2A8C-4A72-BCC4-609D4BDD96F6}"
EndProject
Project("{9A19103F-16F7-4668-BE54-9A1E7A4F7556}") = "Equipment.UI", "Equipment.UI\Equipment.UI.csproj", "{0AE05C25-4F09-434B-88F3-FC00FD32FACD}"
EndProject
Project("{9A19103F-16F7-4668-BE54-9A1E7A4F7556}") = "Equipment.Command.API.Test", "Equipment.Command.API.Test\Equipment.Command.API.Test.csproj", "{78F6A292-7C73-49C6-948F-81A67B8FEF7D}"
EndProject
Project("{9A19103F-16F7-4668-BE54-9A1E7A4F7556}") = "Equipment.Get.API.Test", "Equipment.Get.Test\Equipment.Get.API.Test.csproj", "{E96CE9F2-2226-43F6-99F1-DF09DEB7D52D}"
EndProject
Project("{9A19103F-16F7-4668-BE54-9A1E7A4F7556}") = "Equipment.Identity.Test", "Equipment.Identity.Test\Equipment.Identity.Test.csproj", "{5234E08A-A3DB-43C9-99C8-95596C50503C}"
EndProject
Project("{2150E333-8FDC-42A3-9474-1A3956D46DE8}") = "Equipment.Infrastructure", "Equipment.Infrastructure", "{77367429-79B5-4AF8-881D-7F4D38B53D77}"
EndProject
Project("{2150E333-8FDC-42A3-9474-1A3956D46DE8}") = "Equipment.Core", "Equipment.Core", "{D6893530-7599-479C-B183-4485230E389C}"
EndProject
Project("{2150E333-8FDC-42A3-9474-1A3956D46DE8}") = "Equipment.Domain", "Equipment.Domain", "{8FDB699C-71A9-4C32-93EE-AAB6E3D23D87}"
EndProject
Project("{9A19103F-16F7-4668-BE54-9A1E7A4F7556}") = "Equipment.Command.Core", "Equipment.Command.Core\Equipment.Command.Core.csproj", "{4F1FC93D-18A7-4709-99A9-FC7B42E14693}"
EndProject
Project("{9A19103F-16F7-4668-BE54-9A1E7A4F7556}") = "Equipment.Get.Core", "Equipment.Get.Core\Equipment.Get.Core.csproj", "{8302E7BF-A308-434D-B9CC-D4E0160E2C5A}"
EndProject
Project("{9A19103F-16F7-4668-BE54-9A1E7A4F7556}") = "Equipment.Command.Domain", "Equipment.Command.Domain\Equipment.Command.Domain.csproj", "{03924796-2FA4-4212-97C5-68D1DFD13FE3}"
EndProject
Project("{9A19103F-16F7-4668-BE54-9A1E7A4F7556}") = "Equipment.Get.Domain", "Equipment.Get.Domain\Equipment.Get.Domain.csproj", "{E534D22B-CB4A-410B-8B78-DB447938E776}"
EndProject
Project("{9A19103F-16F7-4668-BE54-9A1E7A4F7556}") = "Equipment.Data.Infrastructure", "Equipment.Data.Infrastructure\Equipment.Data.Infrastructure.csproj", "{9FDEFCEF-2B1E-4F7E-9E3A-9C6BF0BDCE05}"
EndProject
Project("{9A19103F-16F7-4668-BE54-9A1E7A4F7556}") = "Equipment.Admin.MVC.UI", "Equipment.Admin.MVC.UI\Equipment.Admin.MVC.UI.csproj", "{8243FFF5-FD1C-4ABC-A348-8C3AA1380880}"
EndProject
Project("{FAE04EC0-301F-11D3-BF4B-00C04F79EFBC}") = "EMS.UI.React", "EMS.UI.React\EMS.UI.React.csproj", "{792BC83A-4FA8-4C51-96C3-09984742CCDF}"
EndProject
Global
	GlobalSection(SolutionConfigurationPlatforms) = preSolution
		Debug|Any CPU = Debug|Any CPU
		Release|Any CPU = Release|Any CPU
	EndGlobalSection
	GlobalSection(ProjectConfigurationPlatforms) = postSolution
		{BE1A843A-3DE4-437A-A4BE-2939114B6F18}.Debug|Any CPU.ActiveCfg = Debug|Any CPU
		{BE1A843A-3DE4-437A-A4BE-2939114B6F18}.Debug|Any CPU.Build.0 = Debug|Any CPU
		{BE1A843A-3DE4-437A-A4BE-2939114B6F18}.Release|Any CPU.ActiveCfg = Release|Any CPU
		{BE1A843A-3DE4-437A-A4BE-2939114B6F18}.Release|Any CPU.Build.0 = Release|Any CPU
		{74A24990-1545-4B1F-88DB-7701180D66A2}.Debug|Any CPU.ActiveCfg = Debug|Any CPU
		{74A24990-1545-4B1F-88DB-7701180D66A2}.Debug|Any CPU.Build.0 = Debug|Any CPU
		{74A24990-1545-4B1F-88DB-7701180D66A2}.Release|Any CPU.ActiveCfg = Release|Any CPU
		{74A24990-1545-4B1F-88DB-7701180D66A2}.Release|Any CPU.Build.0 = Release|Any CPU
		{801A0F57-2A8C-4A72-BCC4-609D4BDD96F6}.Debug|Any CPU.ActiveCfg = Debug|Any CPU
		{801A0F57-2A8C-4A72-BCC4-609D4BDD96F6}.Debug|Any CPU.Build.0 = Debug|Any CPU
		{801A0F57-2A8C-4A72-BCC4-609D4BDD96F6}.Release|Any CPU.ActiveCfg = Release|Any CPU
		{801A0F57-2A8C-4A72-BCC4-609D4BDD96F6}.Release|Any CPU.Build.0 = Release|Any CPU
		{0AE05C25-4F09-434B-88F3-FC00FD32FACD}.Debug|Any CPU.ActiveCfg = Debug|Any CPU
		{0AE05C25-4F09-434B-88F3-FC00FD32FACD}.Debug|Any CPU.Build.0 = Debug|Any CPU
		{0AE05C25-4F09-434B-88F3-FC00FD32FACD}.Release|Any CPU.ActiveCfg = Release|Any CPU
		{0AE05C25-4F09-434B-88F3-FC00FD32FACD}.Release|Any CPU.Build.0 = Release|Any CPU
		{78F6A292-7C73-49C6-948F-81A67B8FEF7D}.Debug|Any CPU.ActiveCfg = Debug|Any CPU
		{78F6A292-7C73-49C6-948F-81A67B8FEF7D}.Debug|Any CPU.Build.0 = Debug|Any CPU
		{78F6A292-7C73-49C6-948F-81A67B8FEF7D}.Release|Any CPU.ActiveCfg = Release|Any CPU
		{78F6A292-7C73-49C6-948F-81A67B8FEF7D}.Release|Any CPU.Build.0 = Release|Any CPU
		{E96CE9F2-2226-43F6-99F1-DF09DEB7D52D}.Debug|Any CPU.ActiveCfg = Debug|Any CPU
		{E96CE9F2-2226-43F6-99F1-DF09DEB7D52D}.Debug|Any CPU.Build.0 = Debug|Any CPU
		{E96CE9F2-2226-43F6-99F1-DF09DEB7D52D}.Release|Any CPU.ActiveCfg = Release|Any CPU
		{E96CE9F2-2226-43F6-99F1-DF09DEB7D52D}.Release|Any CPU.Build.0 = Release|Any CPU
		{5234E08A-A3DB-43C9-99C8-95596C50503C}.Debug|Any CPU.ActiveCfg = Debug|Any CPU
		{5234E08A-A3DB-43C9-99C8-95596C50503C}.Debug|Any CPU.Build.0 = Debug|Any CPU
		{5234E08A-A3DB-43C9-99C8-95596C50503C}.Release|Any CPU.ActiveCfg = Release|Any CPU
		{5234E08A-A3DB-43C9-99C8-95596C50503C}.Release|Any CPU.Build.0 = Release|Any CPU
		{4F1FC93D-18A7-4709-99A9-FC7B42E14693}.Debug|Any CPU.ActiveCfg = Debug|Any CPU
		{4F1FC93D-18A7-4709-99A9-FC7B42E14693}.Debug|Any CPU.Build.0 = Debug|Any CPU
		{4F1FC93D-18A7-4709-99A9-FC7B42E14693}.Release|Any CPU.ActiveCfg = Release|Any CPU
		{4F1FC93D-18A7-4709-99A9-FC7B42E14693}.Release|Any CPU.Build.0 = Release|Any CPU
		{8302E7BF-A308-434D-B9CC-D4E0160E2C5A}.Debug|Any CPU.ActiveCfg = Debug|Any CPU
		{8302E7BF-A308-434D-B9CC-D4E0160E2C5A}.Debug|Any CPU.Build.0 = Debug|Any CPU
		{8302E7BF-A308-434D-B9CC-D4E0160E2C5A}.Release|Any CPU.ActiveCfg = Release|Any CPU
		{8302E7BF-A308-434D-B9CC-D4E0160E2C5A}.Release|Any CPU.Build.0 = Release|Any CPU
		{03924796-2FA4-4212-97C5-68D1DFD13FE3}.Debug|Any CPU.ActiveCfg = Debug|Any CPU
		{03924796-2FA4-4212-97C5-68D1DFD13FE3}.Debug|Any CPU.Build.0 = Debug|Any CPU
		{03924796-2FA4-4212-97C5-68D1DFD13FE3}.Release|Any CPU.ActiveCfg = Release|Any CPU
		{03924796-2FA4-4212-97C5-68D1DFD13FE3}.Release|Any CPU.Build.0 = Release|Any CPU
		{E534D22B-CB4A-410B-8B78-DB447938E776}.Debug|Any CPU.ActiveCfg = Debug|Any CPU
		{E534D22B-CB4A-410B-8B78-DB447938E776}.Debug|Any CPU.Build.0 = Debug|Any CPU
		{E534D22B-CB4A-410B-8B78-DB447938E776}.Release|Any CPU.ActiveCfg = Release|Any CPU
		{E534D22B-CB4A-410B-8B78-DB447938E776}.Release|Any CPU.Build.0 = Release|Any CPU
		{9FDEFCEF-2B1E-4F7E-9E3A-9C6BF0BDCE05}.Debug|Any CPU.ActiveCfg = Debug|Any CPU
		{9FDEFCEF-2B1E-4F7E-9E3A-9C6BF0BDCE05}.Debug|Any CPU.Build.0 = Debug|Any CPU
		{9FDEFCEF-2B1E-4F7E-9E3A-9C6BF0BDCE05}.Release|Any CPU.ActiveCfg = Release|Any CPU
		{9FDEFCEF-2B1E-4F7E-9E3A-9C6BF0BDCE05}.Release|Any CPU.Build.0 = Release|Any CPU
		{8243FFF5-FD1C-4ABC-A348-8C3AA1380880}.Debug|Any CPU.ActiveCfg = Debug|Any CPU
		{8243FFF5-FD1C-4ABC-A348-8C3AA1380880}.Debug|Any CPU.Build.0 = Debug|Any CPU
		{8243FFF5-FD1C-4ABC-A348-8C3AA1380880}.Release|Any CPU.ActiveCfg = Release|Any CPU
		{8243FFF5-FD1C-4ABC-A348-8C3AA1380880}.Release|Any CPU.Build.0 = Release|Any CPU
		{792BC83A-4FA8-4C51-96C3-09984742CCDF}.Debug|Any CPU.ActiveCfg = Debug|Any CPU
		{792BC83A-4FA8-4C51-96C3-09984742CCDF}.Debug|Any CPU.Build.0 = Debug|Any CPU
		{792BC83A-4FA8-4C51-96C3-09984742CCDF}.Release|Any CPU.ActiveCfg = Release|Any CPU
		{792BC83A-4FA8-4C51-96C3-09984742CCDF}.Release|Any CPU.Build.0 = Release|Any CPU
	EndGlobalSection
	GlobalSection(SolutionProperties) = preSolution
		HideSolutionNode = FALSE
	EndGlobalSection
	GlobalSection(NestedProjects) = preSolution
		{BE1A843A-3DE4-437A-A4BE-2939114B6F18} = {9DA0E693-0835-4B93-947F-3A82A0837834}
		{74A24990-1545-4B1F-88DB-7701180D66A2} = {2A778BE6-0623-4C76-BE63-7C5B9E1FCFC4}
		{801A0F57-2A8C-4A72-BCC4-609D4BDD96F6} = {CA376FB4-DA97-4552-BDB9-35A552E0573C}
		{0AE05C25-4F09-434B-88F3-FC00FD32FACD} = {41D21633-907A-4DA5-BE27-C534D8BE0C37}
		{78F6A292-7C73-49C6-948F-81A67B8FEF7D} = {3179AB8B-83AD-4DF2-8BDC-B95567FD0BE1}
		{E96CE9F2-2226-43F6-99F1-DF09DEB7D52D} = {3179AB8B-83AD-4DF2-8BDC-B95567FD0BE1}
		{5234E08A-A3DB-43C9-99C8-95596C50503C} = {3179AB8B-83AD-4DF2-8BDC-B95567FD0BE1}
		{4F1FC93D-18A7-4709-99A9-FC7B42E14693} = {D6893530-7599-479C-B183-4485230E389C}
		{8302E7BF-A308-434D-B9CC-D4E0160E2C5A} = {D6893530-7599-479C-B183-4485230E389C}
		{03924796-2FA4-4212-97C5-68D1DFD13FE3} = {8FDB699C-71A9-4C32-93EE-AAB6E3D23D87}
		{E534D22B-CB4A-410B-8B78-DB447938E776} = {8FDB699C-71A9-4C32-93EE-AAB6E3D23D87}
		{9FDEFCEF-2B1E-4F7E-9E3A-9C6BF0BDCE05} = {77367429-79B5-4AF8-881D-7F4D38B53D77}
		{8243FFF5-FD1C-4ABC-A348-8C3AA1380880} = {B1276842-4CE3-40F1-B6DB-49BAE5261E93}
		{792BC83A-4FA8-4C51-96C3-09984742CCDF} = {B1276842-4CE3-40F1-B6DB-49BAE5261E93}
	EndGlobalSection
	GlobalSection(ExtensibilityGlobals) = postSolution
		SolutionGuid = {EB4BF0A1-2DB2-4EA0-A5E6-01D04F895E13}
	EndGlobalSection
EndGlobal
